
Microsoft Visual Studio Solution File, Format Version 11.00
# Visual C++ Express 2010
Project("{059D6162-CD51-11D0-AE1F-00A0C90FFFC3}") = "Borland", "Borland\Borland.dsp", "{9903D6FE-BC53-4C00-9EEB-89B8BC3B0135}"
EndProject
Project("{8BC9CEB8-8B4A-11D0-8D11-00A0C91BC942}") = "SS_Log", "SS_Log\SS_Log.vcxproj", "{2DD480FD-4266-46F5-BC56-8BD42C7F7D05}"
EndProject
Project("{8BC9CEB8-8B4A-11D0-8D11-00A0C91BC942}") = "SS_Log_AddIn", "SS_Log_AddIn\SS_Log_AddIn.vcxproj", "{65E629D9-B56D-4F02-9692-7D7E6FDED269}"
EndProject
Project("{8BC9CEB8-8B4A-11D0-8D11-00A0C91BC942}") = "SS_Log_Test", "SS_Log_Test\SS_Log_Test.vcxproj", "{D0E7F127-5400-4766-9DA3-162230786AEA}"
EndProject
Project("{8BC9CEB8-8B4A-11D0-8D11-00A0C91BC942}") = "SS_Log_Window", "SS_Log_Window\SS_Log_Window.vcxproj", "{039FF533-3DF8-4A98-A842-6021F64ACBF3}"
EndProject
Project("{8BC9CEB8-8B4A-11D0-8D11-00A0C91BC942}") = "Utils", "Utils\Utils.vcxproj", "{0526D8FD-C333-45D4-A561-CC8BC8795C26}"
EndProject
Global
	GlobalSection(SolutionConfigurationPlatforms) = preSolution
		Debug|Win32 = Debug|Win32
		Release|Win32 = Release|Win32
	EndGlobalSection
	GlobalSection(ProjectConfigurationPlatforms) = postSolution
		{2DD480FD-4266-46F5-BC56-8BD42C7F7D05}.Debug|Win32.ActiveCfg = Debug|Win32
		{2DD480FD-4266-46F5-BC56-8BD42C7F7D05}.Debug|Win32.Build.0 = Debug|Win32
		{2DD480FD-4266-46F5-BC56-8BD42C7F7D05}.Release|Win32.ActiveCfg = Release|Win32
		{2DD480FD-4266-46F5-BC56-8BD42C7F7D05}.Release|Win32.Build.0 = Release|Win32
		{65E629D9-B56D-4F02-9692-7D7E6FDED269}.Debug|Win32.ActiveCfg = Debug|Win32
		{65E629D9-B56D-4F02-9692-7D7E6FDED269}.Debug|Win32.Build.0 = Debug|Win32
		{65E629D9-B56D-4F02-9692-7D7E6FDED269}.Release|Win32.ActiveCfg = Release|Win32
		{65E629D9-B56D-4F02-9692-7D7E6FDED269}.Release|Win32.Build.0 = Release|Win32
		{D0E7F127-5400-4766-9DA3-162230786AEA}.Debug|Win32.ActiveCfg = Debug|Win32
		{D0E7F127-5400-4766-9DA3-162230786AEA}.Debug|Win32.Build.0 = Debug|Win32
		{D0E7F127-5400-4766-9DA3-162230786AEA}.Release|Win32.ActiveCfg = Release|Win32
		{D0E7F127-5400-4766-9DA3-162230786AEA}.Release|Win32.Build.0 = Release|Win32
		{039FF533-3DF8-4A98-A842-6021F64ACBF3}.Debug|Win32.ActiveCfg = Debug|Win32
		{039FF533-3DF8-4A98-A842-6021F64ACBF3}.Debug|Win32.Build.0 = Debug|Win32
		{039FF533-3DF8-4A98-A842-6021F64ACBF3}.Release|Win32.ActiveCfg = Release|Win32
		{039FF533-3DF8-4A98-A842-6021F64ACBF3}.Release|Win32.Build.0 = Release|Win32
		{0526D8FD-C333-45D4-A561-CC8BC8795C26}.Debug|Win32.ActiveCfg = Debug|Win32
		{0526D8FD-C333-45D4-A561-CC8BC8795C26}.Debug|Win32.Build.0 = Debug|Win32
		{0526D8FD-C333-45D4-A561-CC8BC8795C26}.Release|Win32.ActiveCfg = Release|Win32
		{0526D8FD-C333-45D4-A561-CC8BC8795C26}.Release|Win32.Build.0 = Release|Win32
	EndGlobalSection
	GlobalSection(SolutionProperties) = preSolution
		HideSolutionNode = FALSE
	EndGlobalSection
EndGlobal
