
Microsoft Visual Studio Solution File, Format Version 12.00
# Visual Studio Express 2012 for Windows Desktop
Project("{8BC9CEB8-8B4A-11D0-8D11-00A0C91BC942}") = "SS_Log", "SS_Log\SS_Log-VS2012.vcxproj", "{2EE496E7-93B7-4134-8019-7D0EFB000421}"
EndProject
Project("{8BC9CEB8-8B4A-11D0-8D11-00A0C91BC942}") = "Utils", "Utils\Utils-VS2012.vcxproj", "{4CE7DFE7-BC4B-49F0-A01A-28D69B3C055F}"
EndProject
Project("{8BC9CEB8-8B4A-11D0-8D11-00A0C91BC942}") = "SS_Log_Test", "SS_Log_Test\SS_Log_Test-VS2012.vcxproj", "{A61D9F40-E72D-4A53-9509-BAB2E9AEB8BB}"
EndProject
Global
	GlobalSection(SolutionConfigurationPlatforms) = preSolution
		Debug|Mixed Platforms = Debug|Mixed Platforms
		Debug|Win32 = Debug|Win32
		Debug|x64 = Debug|x64
		Release|Mixed Platforms = Release|Mixed Platforms
		Release|Win32 = Release|Win32
		Release|x64 = Release|x64
	EndGlobalSection
	GlobalSection(ProjectConfigurationPlatforms) = postSolution
		{2EE496E7-93B7-4134-8019-7D0EFB000421}.Debug|Mixed Platforms.ActiveCfg = Debug|Win32
		{2EE496E7-93B7-4134-8019-7D0EFB000421}.Debug|Mixed Platforms.Build.0 = Debug|Win32
		{2EE496E7-93B7-4134-8019-7D0EFB000421}.Debug|Win32.ActiveCfg = Debug|Win32
		{2EE496E7-93B7-4134-8019-7D0EFB000421}.Debug|Win32.Build.0 = Debug|Win32
		{2EE496E7-93B7-4134-8019-7D0EFB000421}.Debug|x64.ActiveCfg = Debug|x64
		{2EE496E7-93B7-4134-8019-7D0EFB000421}.Debug|x64.Build.0 = Debug|x64
		{2EE496E7-93B7-4134-8019-7D0EFB000421}.Release|Mixed Platforms.ActiveCfg = Release|Win32
		{2EE496E7-93B7-4134-8019-7D0EFB000421}.Release|Mixed Platforms.Build.0 = Release|Win32
		{2EE496E7-93B7-4134-8019-7D0EFB000421}.Release|Win32.ActiveCfg = Release|Win32
		{2EE496E7-93B7-4134-8019-7D0EFB000421}.Release|Win32.Build.0 = Release|Win32
		{2EE496E7-93B7-4134-8019-7D0EFB000421}.Release|x64.ActiveCfg = Release|x64
		{2EE496E7-93B7-4134-8019-7D0EFB000421}.Release|x64.Build.0 = Release|x64
		{4CE7DFE7-BC4B-49F0-A01A-28D69B3C055F}.Debug|Mixed Platforms.ActiveCfg = Debug|Win32
		{4CE7DFE7-BC4B-49F0-A01A-28D69B3C055F}.Debug|Mixed Platforms.Build.0 = Debug|Win32
		{4CE7DFE7-BC4B-49F0-A01A-28D69B3C055F}.Debug|Win32.ActiveCfg = Debug|Win32
		{4CE7DFE7-BC4B-49F0-A01A-28D69B3C055F}.Debug|Win32.Build.0 = Debug|Win32
		{4CE7DFE7-BC4B-49F0-A01A-28D69B3C055F}.Debug|x64.ActiveCfg = Debug|x64
		{4CE7DFE7-BC4B-49F0-A01A-28D69B3C055F}.Debug|x64.Build.0 = Debug|x64
		{4CE7DFE7-BC4B-49F0-A01A-28D69B3C055F}.Release|Mixed Platforms.ActiveCfg = Release|Win32
		{4CE7DFE7-BC4B-49F0-A01A-28D69B3C055F}.Release|Mixed Platforms.Build.0 = Release|Win32
		{4CE7DFE7-BC4B-49F0-A01A-28D69B3C055F}.Release|Win32.ActiveCfg = Release|Win32
		{4CE7DFE7-BC4B-49F0-A01A-28D69B3C055F}.Release|Win32.Build.0 = Release|Win32
		{4CE7DFE7-BC4B-49F0-A01A-28D69B3C055F}.Release|x64.ActiveCfg = Release|x64
		{4CE7DFE7-BC4B-49F0-A01A-28D69B3C055F}.Release|x64.Build.0 = Release|x64
		{A61D9F40-E72D-4A53-9509-BAB2E9AEB8BB}.Debug|Mixed Platforms.ActiveCfg = Debug|Win32
		{A61D9F40-E72D-4A53-9509-BAB2E9AEB8BB}.Debug|Mixed Platforms.Build.0 = Debug|Win32
		{A61D9F40-E72D-4A53-9509-BAB2E9AEB8BB}.Debug|Win32.ActiveCfg = Debug|Win32
		{A61D9F40-E72D-4A53-9509-BAB2E9AEB8BB}.Debug|Win32.Build.0 = Debug|Win32
		{A61D9F40-E72D-4A53-9509-BAB2E9AEB8BB}.Debug|x64.ActiveCfg = Debug|x64
		{A61D9F40-E72D-4A53-9509-BAB2E9AEB8BB}.Debug|x64.Build.0 = Debug|x64
		{A61D9F40-E72D-4A53-9509-BAB2E9AEB8BB}.Release|Mixed Platforms.ActiveCfg = Release|Win32
		{A61D9F40-E72D-4A53-9509-BAB2E9AEB8BB}.Release|Mixed Platforms.Build.0 = Release|Win32
		{A61D9F40-E72D-4A53-9509-BAB2E9AEB8BB}.Release|Win32.ActiveCfg = Release|Win32
		{A61D9F40-E72D-4A53-9509-BAB2E9AEB8BB}.Release|Win32.Build.0 = Release|Win32
		{A61D9F40-E72D-4A53-9509-BAB2E9AEB8BB}.Release|x64.ActiveCfg = Release|x64
		{A61D9F40-E72D-4A53-9509-BAB2E9AEB8BB}.Release|x64.Build.0 = Release|x64
	EndGlobalSection
	GlobalSection(SolutionProperties) = preSolution
		HideSolutionNode = FALSE
	EndGlobalSection
EndGlobal
