<?xml version="1.0" encoding="utf-8"?>
<Project ToolsVersion="4.0" xmlns="http://schemas.microsoft.com/developer/msbuild/2003">
  <ItemGroup>
    <Filter Include="Source Files">
      <UniqueIdentifier>{8b34d094-cea9-41b6-9128-5c72ceabcd0c}</UniqueIdentifier>
      <Extensions>cpp;c;cxx;rc;def;r;odl;idl;hpj;bat</Extensions>
    </Filter>
    <Filter Include="Header Files">
      <UniqueIdentifier>{7cbbcec8-5a58-438b-8730-57996f7209c8}</UniqueIdentifier>
      <Extensions>h;hpp;hxx;hm;inl</Extensions>
    </Filter>
    <Filter Include="Resource Files">
      <UniqueIdentifier>{97e53e8a-4db9-45b5-b7bf-f32390c9bea9}</UniqueIdentifier>
      <Extensions>ico;cur;bmp;dlg;rc2;rct;bin;rgs;gif;jpg;jpeg;jpe</Extensions>
    </Filter>
  </ItemGroup>
  <ItemGroup>
    <ClCompile Include="MainFrm.cpp">
      <Filter>Source Files</Filter>
    </ClCompile>
    <ClCompile Include="SS_Log_Window.cpp">
      <Filter>Source Files</Filter>
    </ClCompile>
    <ClCompile Include="SS_Log_WindowDoc.cpp">
      <Filter>Source Files</Filter>
    </ClCompile>
    <ClCompile Include="SS_Log_WindowView.cpp">
      <Filter>Source Files</Filter>
    </ClCompile>
    <ClCompile Include="SSCommandLineInfo.cpp">
      <Filter>Source Files</Filter>
    </ClCompile>
    <ClCompile Include="StdAfx.cpp">
      <Filter>Source Files</Filter>
    </ClCompile>
  </ItemGroup>
  <ItemGroup>
    <ResourceCompile Include="SS_Log_Window.rc">
      <Filter>Source Files</Filter>
    </ResourceCompile>
  </ItemGroup>
  <ItemGroup>
    <ClInclude Include="MainFrm.h">
      <Filter>Header Files</Filter>
    </ClInclude>
    <ClInclude Include="Resource.h">
      <Filter>Header Files</Filter>
    </ClInclude>
    <ClInclude Include="SS_Log_Window.h">
      <Filter>Header Files</Filter>
    </ClInclude>
    <ClInclude Include="SS_Log_WindowDoc.h">
      <Filter>Header Files</Filter>
    </ClInclude>
    <ClInclude Include="SS_Log_WindowView.h">
      <Filter>Header Files</Filter>
    </ClInclude>
    <ClInclude Include="SSCommandLineInfo.h">
      <Filter>Header Files</Filter>
    </ClInclude>
    <ClInclude Include="StdAfx.h">
      <Filter>Header Files</Filter>
    </ClInclude>
  </ItemGroup>
  <ItemGroup>
    <None Include="res\SS_Log_Window.ico">
      <Filter>Resource Files</Filter>
    </None>
    <None Include="res\SS_Log_Window.rc2">
      <Filter>Resource Files</Filter>
    </None>
    <None Include="res\SS_Log_WindowDoc.ico">
      <Filter>Resource Files</Filter>
    </None>
    <None Include="res\Toolbar.bmp">
      <Filter>Resource Files</Filter>
    </None>
    <None Include="ReadMe.txt" />
    <None Include="SS_Log_Window.reg" />
  </ItemGroup>
</Project>